
Microsoft Visual Studio Solution File, Format Version 12.00
# Visual Studio Version 16
VisualStudioVersion = 16.0.31829.152
MinimumVisualStudioVersion = 10.0.40219.1
Project("{FAE04EC0-301F-11D3-BF4B-00C04F79EFBC}") = "LCD_I2CFrutten", "LCD_I2CFrutten.csproj", "{C4C9C565-D5A4-44EC-9014-9EF4FE3C2C21}"
EndProject
Global
	GlobalSection(SolutionConfigurationPlatforms) = preSolution
		Debug|Any CPU = Debug|Any CPU
		Release|Any CPU = Release|Any CPU
	EndGlobalSection
	GlobalSection(ProjectConfigurationPlatforms) = postSolution
		{C4C9C565-D5A4-44EC-9014-9EF4FE3C2C21}.Debug|Any CPU.ActiveCfg = Debug|Any CPU
		{C4C9C565-D5A4-44EC-9014-9EF4FE3C2C21}.Debug|Any CPU.Build.0 = Debug|Any CPU
		{C4C9C565-D5A4-44EC-9014-9EF4FE3C2C21}.Release|Any CPU.ActiveCfg = Release|Any CPU
		{C4C9C565-D5A4-44EC-9014-9EF4FE3C2C21}.Release|Any CPU.Build.0 = Release|Any CPU
	EndGlobalSection
	GlobalSection(SolutionProperties) = preSolution
		HideSolutionNode = FALSE
	EndGlobalSection
	GlobalSection(ExtensibilityGlobals) = postSolution
		SolutionGuid = {929F1A1A-F65E-4D7C-BAB4-FF008D345D24}
	EndGlobalSection
EndGlobal
